
Microsoft Visual Studio Solution File, Format Version 12.00
# Visual Studio 15
VisualStudioVersion = 15.0.28307.489
MinimumVisualStudioVersion = 10.0.40219.1
Project("{FAE04EC0-301F-11D3-BF4B-00C04F79EFBC}") = "RazorPagesMovie", "RazorPagesMovie\RazorPagesMovie.csproj", "{02D5A70C-DAB8-4A37-908D-DA9AD039590F}"
EndProject
Global
	GlobalSection(SolutionConfigurationPlatforms) = preSolution
		Debug|Any CPU = Debug|Any CPU
		Release|Any CPU = Release|Any CPU
	EndGlobalSection
	GlobalSection(ProjectConfigurationPlatforms) = postSolution
		{02D5A70C-DAB8-4A37-908D-DA9AD039590F}.Debug|Any CPU.ActiveCfg = Debug|Any CPU
		{02D5A70C-DAB8-4A37-908D-DA9AD039590F}.Debug|Any CPU.Build.0 = Debug|Any CPU
		{02D5A70C-DAB8-4A37-908D-DA9AD039590F}.Release|Any CPU.ActiveCfg = Release|Any CPU
		{02D5A70C-DAB8-4A37-908D-DA9AD039590F}.Release|Any CPU.Build.0 = Release|Any CPU
	EndGlobalSection
	GlobalSection(SolutionProperties) = preSolution
		HideSolutionNode = FALSE
	EndGlobalSection
	GlobalSection(ExtensibilityGlobals) = postSolution
		SolutionGuid = {736475CF-7B40-461E-8198-B70DE274C958}
	EndGlobalSection
EndGlobal
